{
    "name": "POSRules",
    "requires": true,
    "lockfileVersion": 1,
    "dependencies": {
        "pos-rules": {
            "version": "0.0.3",
            "resolved": "https://registry.npmjs.org/pos-rules/-/pos-rules-0.0.3.tgz",
            "integrity": "sha512-9uZ06YFVZ9UfR9pHj+Il/6DI7dLuByuyKy377IIBvxsws9vQGVVi6zV2YBXbCv8hdr8Qo+kKnkIvBwv8yfEWqw=="
        }
    }
}
